// !$*UTF8*$!
{
	archiveVersion = 1;
	classes = {
	};
	objectVersion = 77;
	objects = {

/* Begin PBXBuildFile section */
		045B21CD1C260B7BD8D28E36 /* BrainPathData.swift in Sources */ = {isa = PBXBuildFile; fileRef = 75138F19D66E9A1DC7444F37 /* BrainPathData.swift */; };
		06DAF3B9CC72C96D19550CDE /* FlashcardView.swift in Sources */ = {isa = PBXBuildFile; fileRef = 170D7A15D5D37414F759B0A7 /* FlashcardView.swift */; };
		0873060076F714444D75D8F6 /* NeuroStudyApp.swift in Sources */ = {isa = PBXBuildFile; fileRef = 0034CBA1AED71AD650A0681C /* NeuroStudyApp.swift */; };
		094B741486A07E40B4AC02FD /* ModernProgressDashboardView.swift in Sources */ = {isa = PBXBuildFile; fileRef = C0E3D89AD4A75BB47A9FC522 /* ModernProgressDashboardView.swift */; };
		14DD226EB4B9599F8E531A45 /* ScreenshotTests.swift in Sources */ = {isa = PBXBuildFile; fileRef = F8272D3F38A6598EF656FC77 /* ScreenshotTests.swift */; };
		16D6B722564CE073D061CE6C /* TapIdentifyQuizView.swift in Sources */ = {isa = PBXBuildFile; fileRef = 5C72E86218872C89E913EA32 /* TapIdentifyQuizView.swift */; };
		29189F8E21DAA32E59C4E6E1 /* GlassComponents.swift in Sources */ = {isa = PBXBuildFile; fileRef = 736D4F3B912CD378B9D90ECE /* GlassComponents.swift */; };
		2BA07433427198D7B2EEC4D4 /* ModernDesignSystem.swift in Sources */ = {isa = PBXBuildFile; fileRef = CFDA2FBF57EFA60F2F151A27 /* ModernDesignSystem.swift */; };
		32400DFBD4252BCF8842BC32 /* Media.xcassets in Resources */ = {isa = PBXBuildFile; fileRef = C61E8421DDF6EFC475A09844 /* Media.xcassets */; };
		3370DCD14A8B9F8F9C655F26 /* StudyProgress.swift in Sources */ = {isa = PBXBuildFile; fileRef = 42C02FD658C3F7B90FA54C33 /* StudyProgress.swift */; };
		3507E5A9B63A49C35B9CDC2B /* StudyProgress.swift in Sources */ = {isa = PBXBuildFile; fileRef = 42C02FD658C3F7B90FA54C33 /* StudyProgress.swift */; };
		3A1D6A9C77BD8787FE0BDF11 /* FlashcardView.swift in Sources */ = {isa = PBXBuildFile; fileRef = 170D7A15D5D37414F759B0A7 /* FlashcardView.swift */; };
		3BA7BFC2D29A2614CDC9C483 /* BrainHotspot.swift in Sources */ = {isa = PBXBuildFile; fileRef = 4652787F297CCE688A6C3100 /* BrainHotspot.swift */; };
		401038D8E768B6FDD0FD4939 /* TapIdentifyQuizView.swift in Sources */ = {isa = PBXBuildFile; fileRef = 5C72E86218872C89E913EA32 /* TapIdentifyQuizView.swift */; };
		40EA8D0A2D5CCC4BEAD344A4 /* QuizQuestion.swift in Sources */ = {isa = PBXBuildFile; fileRef = 1284EBC8180B361D2B86E11B /* QuizQuestion.swift */; };
		4247480219A4F521B904135D /* ModernProgressDashboardView.swift in Sources */ = {isa = PBXBuildFile; fileRef = C0E3D89AD4A75BB47A9FC522 /* ModernProgressDashboardView.swift */; };
		44D68FB176EAA33C9EE2BA64 /* BrainMapViewModel.swift in Sources */ = {isa = PBXBuildFile; fileRef = EA9F1D05EAF7806B0E9CB253 /* BrainMapViewModel.swift */; };
		46C236757A861AE9D69AD68D /* ModernQuizHomeView.swift in Sources */ = {isa = PBXBuildFile; fileRef = 97C38866C8A7A6367D67872C /* ModernQuizHomeView.swift */; };
		46C470FFCBBAEEC1EAFFBA49 /* PathologyQuizView.swift in Sources */ = {isa = PBXBuildFile; fileRef = B15BE40AEBE598A6C47BAC7D /* PathologyQuizView.swift */; };
		46E2A4A0EDF2ABFD99C27ACE /* UniversalMainView.swift in Sources */ = {isa = PBXBuildFile; fileRef = 8D7EEC20F93F0243AA91E0B0 /* UniversalMainView.swift */; };
		48682CA873D05BBF549D86B0 /* LiquidGlass.swift in Sources */ = {isa = PBXBuildFile; fileRef = 4CBE3D9F323D219086A25F60 /* LiquidGlass.swift */; };
		4868AEB9F120B9579B872E48 /* Haptics.swift in Sources */ = {isa = PBXBuildFile; fileRef = DA5386B46B26129222D30051 /* Haptics.swift */; };
		4D99258306D8FDDD0CFDB7DC /* PathologyStore.swift in Sources */ = {isa = PBXBuildFile; fileRef = E1B5C7DA03A3EB499B5DCFAB /* PathologyStore.swift */; };
		4FB5CA8E0019FC3CB1EACC2D /* BrainRenderEffects.swift in Sources */ = {isa = PBXBuildFile; fileRef = 4F493D506307D9AA7C8CA82D /* BrainRenderEffects.swift */; };
		527A264B9C71547F706ECEA3 /* PrivacyInfo.xcprivacy in Resources */ = {isa = PBXBuildFile; fileRef = 35FA75F18BF16E031D6799BE /* PrivacyInfo.xcprivacy */; };
		5A5D401EC2FBD372D4584DE9 /* BrainRegion.swift in Sources */ = {isa = PBXBuildFile; fileRef = AA1E1C4BAD3C96A2ECB3AC94 /* BrainRegion.swift */; };
		5BF360443BB7FF23B7B9EEAB /* PathologyData.swift in Sources */ = {isa = PBXBuildFile; fileRef = AACF7725D2E1527DB24F1555 /* PathologyData.swift */; };
		6369FECF419198837BB095E9 /* ModernDesignSystem.swift in Sources */ = {isa = PBXBuildFile; fileRef = CFDA2FBF57EFA60F2F151A27 /* ModernDesignSystem.swift */; };
		65BE6C741BA6B6EB42262894 /* QuizViewModel.swift in Sources */ = {isa = PBXBuildFile; fileRef = 247E697F887109916D2B4727 /* QuizViewModel.swift */; };
		69AA52F129C28809F4BBDA31 /* NeuroStudyApp.swift in Sources */ = {isa = PBXBuildFile; fileRef = 0034CBA1AED71AD650A0681C /* NeuroStudyApp.swift */; };
		6DB7C3D27FC40914C8F783DE /* SpacedRepetitionEngine.swift in Sources */ = {isa = PBXBuildFile; fileRef = FFF999B7C0FE4375D4469CF9 /* SpacedRepetitionEngine.swift */; };
		7349463F96DB9A41177F057F /* QuizViewModel.swift in Sources */ = {isa = PBXBuildFile; fileRef = 247E697F887109916D2B4727 /* QuizViewModel.swift */; };
		7391B89F41E16B5811365C0B /* ModernExploreView.swift in Sources */ = {isa = PBXBuildFile; fileRef = 442BFC60E119CC072FC7112C /* ModernExploreView.swift */; };
		76D5B3A1DC6B3D5CF6BAC8B8 /* PathologyData.swift in Sources */ = {isa = PBXBuildFile; fileRef = AACF7725D2E1527DB24F1555 /* PathologyData.swift */; };
		77D60B5B512FC3D1A3B6ECFD /* ProgressStore.swift in Sources */ = {isa = PBXBuildFile; fileRef = 846B3B5497475D14055CEB96 /* ProgressStore.swift */; };
		791F6BD5CA3456AB39562409 /* AppTypography.swift in Sources */ = {isa = PBXBuildFile; fileRef = 886AF33244B0412DDFFD76C8 /* AppTypography.swift */; };
		7A62635A3A85CFB50F89229D /* GlassComponents.swift in Sources */ = {isa = PBXBuildFile; fileRef = 736D4F3B912CD378B9D90ECE /* GlassComponents.swift */; };
		7E6F2126D2B19171C10E81F6 /* BrainStructure.swift in Sources */ = {isa = PBXBuildFile; fileRef = 652FC9A1F90F4D473DE8E2E5 /* BrainStructure.swift */; };
		7F5F7111B637470E5721C4C0 /* BrainRegion.swift in Sources */ = {isa = PBXBuildFile; fileRef = AA1E1C4BAD3C96A2ECB3AC94 /* BrainRegion.swift */; };
		88698E2610BE4E711AD231ED /* BrainStructureStore.swift in Sources */ = {isa = PBXBuildFile; fileRef = E47720808E26F924BA29CFF7 /* BrainStructureStore.swift */; };
		967F30224640FAF3F19A691E /* Media.xcassets in Resources */ = {isa = PBXBuildFile; fileRef = C61E8421DDF6EFC475A09844 /* Media.xcassets */; };
		993B7C5AAE18C074D71B032D /* PathologyQuizView.swift in Sources */ = {isa = PBXBuildFile; fileRef = B15BE40AEBE598A6C47BAC7D /* PathologyQuizView.swift */; };
		A768B3242E04DB8B4CD4E805 /* BrainStructureStore.swift in Sources */ = {isa = PBXBuildFile; fileRef = E47720808E26F924BA29CFF7 /* BrainStructureStore.swift */; };
		AAFD0E5DEB43F33EB622411C /* QuizResultsView.swift in Sources */ = {isa = PBXBuildFile; fileRef = 31628D0CF6C252C15568120B /* QuizResultsView.swift */; };
		AE6E17A8543017DE64F1BD0B /* QuizQuestion.swift in Sources */ = {isa = PBXBuildFile; fileRef = 1284EBC8180B361D2B86E11B /* QuizQuestion.swift */; };
		AF7ECDFCEEF2A66AA15F3890 /* BrainPathData.swift in Sources */ = {isa = PBXBuildFile; fileRef = 75138F19D66E9A1DC7444F37 /* BrainPathData.swift */; };
		AFDE40E93AE14F5D63172509 /* LiquidGlassStyle.swift in Sources */ = {isa = PBXBuildFile; fileRef = D34C01BAD5956E3CABEFA9AB /* LiquidGlassStyle.swift */; };
		B1F68A0D739ADA861FB7DA05 /* StructureDetailView.swift in Sources */ = {isa = PBXBuildFile; fileRef = 8A4FC106EB9F049E4512E2EC /* StructureDetailView.swift */; };
		B634CB79934E494E276B4772 /* BrainHotspot.swift in Sources */ = {isa = PBXBuildFile; fileRef = 4652787F297CCE688A6C3100 /* BrainHotspot.swift */; };
		B9CFAAD0AB85934B458283E1 /* UniversalMainView.swift in Sources */ = {isa = PBXBuildFile; fileRef = 8D7EEC20F93F0243AA91E0B0 /* UniversalMainView.swift */; };
		BB3E5090969B87731567EB83 /* PathologyStore.swift in Sources */ = {isa = PBXBuildFile; fileRef = E1B5C7DA03A3EB499B5DCFAB /* PathologyStore.swift */; };
		BBC3D1A0BEF8C51A47CB054C /* ModernQuizHomeView.swift in Sources */ = {isa = PBXBuildFile; fileRef = 97C38866C8A7A6367D67872C /* ModernQuizHomeView.swift */; };
		BDB9423C4725F1709298DD9A /* QuizResultsView.swift in Sources */ = {isa = PBXBuildFile; fileRef = 31628D0CF6C252C15568120B /* QuizResultsView.swift */; };
		BE1E6E5BBEDE8CFD60D61EA9 /* BrainMapView.swift in Sources */ = {isa = PBXBuildFile; fileRef = 8CC92131AFE65197C9A9C804 /* BrainMapView.swift */; };
		C8B67537E48488EB744F39EE /* Haptics.swift in Sources */ = {isa = PBXBuildFile; fileRef = DA5386B46B26129222D30051 /* Haptics.swift */; };
		C94148487061B773762F1C5D /* BrainRenderEffects.swift in Sources */ = {isa = PBXBuildFile; fileRef = 4F493D506307D9AA7C8CA82D /* BrainRenderEffects.swift */; };
		C9AB6345447899D6AED2C105 /* BrainMapView.swift in Sources */ = {isa = PBXBuildFile; fileRef = 8CC92131AFE65197C9A9C804 /* BrainMapView.swift */; };
		CADEFEDCF38E62A5091EB984 /* MultipleChoiceView.swift in Sources */ = {isa = PBXBuildFile; fileRef = 029A583054B38D467A7CB354 /* MultipleChoiceView.swift */; };
		CCF1703BE758F0CA16E8C83F /* LiquidGlass.swift in Sources */ = {isa = PBXBuildFile; fileRef = 4CBE3D9F323D219086A25F60 /* LiquidGlass.swift */; };
		CF7B7943DD1AF46C55C104CA /* PrivacyInfo.xcprivacy in Resources */ = {isa = PBXBuildFile; fileRef = 35FA75F18BF16E031D6799BE /* PrivacyInfo.xcprivacy */; };
		D06B43A0C1BF2BCEDEE0A3BA /* ProgressStore.swift in Sources */ = {isa = PBXBuildFile; fileRef = 846B3B5497475D14055CEB96 /* ProgressStore.swift */; };
		D3DDC683981C41B9A1DD4465 /* BrainStructure.swift in Sources */ = {isa = PBXBuildFile; fileRef = 652FC9A1F90F4D473DE8E2E5 /* BrainStructure.swift */; };
		D6D7ECB348C9DFBE7F491115 /* StructureDetailView.swift in Sources */ = {isa = PBXBuildFile; fileRef = 8A4FC106EB9F049E4512E2EC /* StructureDetailView.swift */; };
		D9883F88B3B0F5D0D20D80A2 /* MultipleChoiceView.swift in Sources */ = {isa = PBXBuildFile; fileRef = 029A583054B38D467A7CB354 /* MultipleChoiceView.swift */; };
		DBF91236200E3E8BB2DAA4C2 /* ModernExploreView.swift in Sources */ = {isa = PBXBuildFile; fileRef = 442BFC60E119CC072FC7112C /* ModernExploreView.swift */; };
		DE35B4B88287EBC69B571A65 /* LiquidGlassStyle.swift in Sources */ = {isa = PBXBuildFile; fileRef = D34C01BAD5956E3CABEFA9AB /* LiquidGlassStyle.swift */; };
		EC01E24F0FF262B2804C815A /* BrainMapViewModel.swift in Sources */ = {isa = PBXBuildFile; fileRef = EA9F1D05EAF7806B0E9CB253 /* BrainMapViewModel.swift */; };
		F65D7C4A21FA11935A0C6E9C /* AppTypography.swift in Sources */ = {isa = PBXBuildFile; fileRef = 886AF33244B0412DDFFD76C8 /* AppTypography.swift */; };
		F68FEB224B4E9AAE29532A76 /* SpacedRepetitionEngine.swift in Sources */ = {isa = PBXBuildFile; fileRef = FFF999B7C0FE4375D4469CF9 /* SpacedRepetitionEngine.swift */; };
/* End PBXBuildFile section */

/* Begin PBXContainerItemProxy section */
		246C7803F766807D2DE194D3 /* PBXContainerItemProxy */ = {
			isa = PBXContainerItemProxy;
			containerPortal = 4134A7D756494EC080E34063 /* Project object */;
			proxyType = 1;
			remoteGlobalIDString = 8792CD7E92775DA92FB11BC4;
			remoteInfo = NeuroStudy_iOS;
		};
/* End PBXContainerItemProxy section */

/* Begin PBXFileReference section */
		0034CBA1AED71AD650A0681C /* NeuroStudyApp.swift */ = {isa = PBXFileReference; lastKnownFileType = sourcecode.swift; path = NeuroStudyApp.swift; sourceTree = "<group>"; };
		029A583054B38D467A7CB354 /* MultipleChoiceView.swift */ = {isa = PBXFileReference; lastKnownFileType = sourcecode.swift; path = MultipleChoiceView.swift; sourceTree = "<group>"; };
		034D1EA85EDEC6B23673EC15 /* NeuroStudyUITests.xctest */ = {isa = PBXFileReference; includeInIndex = 0; lastKnownFileType = wrapper.cfbundle; path = NeuroStudyUITests.xctest; sourceTree = BUILT_PRODUCTS_DIR; };
		1284EBC8180B361D2B86E11B /* QuizQuestion.swift */ = {isa = PBXFileReference; lastKnownFileType = sourcecode.swift; path = QuizQuestion.swift; sourceTree = "<group>"; };
		170D7A15D5D37414F759B0A7 /* FlashcardView.swift */ = {isa = PBXFileReference; lastKnownFileType = sourcecode.swift; path = FlashcardView.swift; sourceTree = "<group>"; };
		247E697F887109916D2B4727 /* QuizViewModel.swift */ = {isa = PBXFileReference; lastKnownFileType = sourcecode.swift; path = QuizViewModel.swift; sourceTree = "<group>"; };
		31628D0CF6C252C15568120B /* QuizResultsView.swift */ = {isa = PBXFileReference; lastKnownFileType = sourcecode.swift; path = QuizResultsView.swift; sourceTree = "<group>"; };
		35FA75F18BF16E031D6799BE /* PrivacyInfo.xcprivacy */ = {isa = PBXFileReference; path = PrivacyInfo.xcprivacy; sourceTree = "<group>"; };
		42C02FD658C3F7B90FA54C33 /* StudyProgress.swift */ = {isa = PBXFileReference; lastKnownFileType = sourcecode.swift; path = StudyProgress.swift; sourceTree = "<group>"; };
		442BFC60E119CC072FC7112C /* ModernExploreView.swift */ = {isa = PBXFileReference; lastKnownFileType = sourcecode.swift; path = ModernExploreView.swift; sourceTree = "<group>"; };
		4652787F297CCE688A6C3100 /* BrainHotspot.swift */ = {isa = PBXFileReference; lastKnownFileType = sourcecode.swift; path = BrainHotspot.swift; sourceTree = "<group>"; };
		4CBE3D9F323D219086A25F60 /* LiquidGlass.swift */ = {isa = PBXFileReference; lastKnownFileType = sourcecode.swift; path = LiquidGlass.swift; sourceTree = "<group>"; };
		4F493D506307D9AA7C8CA82D /* BrainRenderEffects.swift */ = {isa = PBXFileReference; lastKnownFileType = sourcecode.swift; path = BrainRenderEffects.swift; sourceTree = "<group>"; };
		5C72E86218872C89E913EA32 /* TapIdentifyQuizView.swift */ = {isa = PBXFileReference; lastKnownFileType = sourcecode.swift; path = TapIdentifyQuizView.swift; sourceTree = "<group>"; };
		652FC9A1F90F4D473DE8E2E5 /* BrainStructure.swift */ = {isa = PBXFileReference; lastKnownFileType = sourcecode.swift; path = BrainStructure.swift; sourceTree = "<group>"; };
		736D4F3B912CD378B9D90ECE /* GlassComponents.swift */ = {isa = PBXFileReference; lastKnownFileType = sourcecode.swift; path = GlassComponents.swift; sourceTree = "<group>"; };
		75138F19D66E9A1DC7444F37 /* BrainPathData.swift */ = {isa = PBXFileReference; lastKnownFileType = sourcecode.swift; path = BrainPathData.swift; sourceTree = "<group>"; };
		846B3B5497475D14055CEB96 /* ProgressStore.swift */ = {isa = PBXFileReference; lastKnownFileType = sourcecode.swift; path = ProgressStore.swift; sourceTree = "<group>"; };
		886AF33244B0412DDFFD76C8 /* AppTypography.swift */ = {isa = PBXFileReference; lastKnownFileType = sourcecode.swift; path = AppTypography.swift; sourceTree = "<group>"; };
		8A4FC106EB9F049E4512E2EC /* StructureDetailView.swift */ = {isa = PBXFileReference; lastKnownFileType = sourcecode.swift; path = StructureDetailView.swift; sourceTree = "<group>"; };
		8CC92131AFE65197C9A9C804 /* BrainMapView.swift */ = {isa = PBXFileReference; lastKnownFileType = sourcecode.swift; path = BrainMapView.swift; sourceTree = "<group>"; };
		8D7EEC20F93F0243AA91E0B0 /* UniversalMainView.swift */ = {isa = PBXFileReference; lastKnownFileType = sourcecode.swift; path = UniversalMainView.swift; sourceTree = "<group>"; };
		97C38866C8A7A6367D67872C /* ModernQuizHomeView.swift */ = {isa = PBXFileReference; lastKnownFileType = sourcecode.swift; path = ModernQuizHomeView.swift; sourceTree = "<group>"; };
		9F41A4FDFFF6EC41E7FC1DB8 /* NeuroStudy.app */ = {isa = PBXFileReference; includeInIndex = 0; lastKnownFileType = wrapper.application; path = NeuroStudy.app; sourceTree = BUILT_PRODUCTS_DIR; };
		AA1E1C4BAD3C96A2ECB3AC94 /* BrainRegion.swift */ = {isa = PBXFileReference; lastKnownFileType = sourcecode.swift; path = BrainRegion.swift; sourceTree = "<group>"; };
		AACF7725D2E1527DB24F1555 /* PathologyData.swift */ = {isa = PBXFileReference; lastKnownFileType = sourcecode.swift; path = PathologyData.swift; sourceTree = "<group>"; };
		B15BE40AEBE598A6C47BAC7D /* PathologyQuizView.swift */ = {isa = PBXFileReference; lastKnownFileType = sourcecode.swift; path = PathologyQuizView.swift; sourceTree = "<group>"; };
		C0E3D89AD4A75BB47A9FC522 /* ModernProgressDashboardView.swift */ = {isa = PBXFileReference; lastKnownFileType = sourcecode.swift; path = ModernProgressDashboardView.swift; sourceTree = "<group>"; };
		C61E8421DDF6EFC475A09844 /* Media.xcassets */ = {isa = PBXFileReference; lastKnownFileType = folder.assetcatalog; path = Media.xcassets; sourceTree = "<group>"; };
		CFDA2FBF57EFA60F2F151A27 /* ModernDesignSystem.swift */ = {isa = PBXFileReference; lastKnownFileType = sourcecode.swift; path = ModernDesignSystem.swift; sourceTree = "<group>"; };
		D34C01BAD5956E3CABEFA9AB /* LiquidGlassStyle.swift */ = {isa = PBXFileReference; lastKnownFileType = sourcecode.swift; path = LiquidGlassStyle.swift; sourceTree = "<group>"; };
		DA5386B46B26129222D30051 /* Haptics.swift */ = {isa = PBXFileReference; lastKnownFileType = sourcecode.swift; path = Haptics.swift; sourceTree = "<group>"; };
		E1B5C7DA03A3EB499B5DCFAB /* PathologyStore.swift */ = {isa = PBXFileReference; lastKnownFileType = sourcecode.swift; path = PathologyStore.swift; sourceTree = "<group>"; };
		E393C28461A3D889358E85D8 /* NeuroStudy.app */ = {isa = PBXFileReference; explicitFileType = wrapper.application; includeInIndex = 0; path = NeuroStudy.app; sourceTree = BUILT_PRODUCTS_DIR; };
		E47720808E26F924BA29CFF7 /* BrainStructureStore.swift */ = {isa = PBXFileReference; lastKnownFileType = sourcecode.swift; path = BrainStructureStore.swift; sourceTree = "<group>"; };
		EA9F1D05EAF7806B0E9CB253 /* BrainMapViewModel.swift */ = {isa = PBXFileReference; lastKnownFileType = sourcecode.swift; path = BrainMapViewModel.swift; sourceTree = "<group>"; };
		F8272D3F38A6598EF656FC77 /* ScreenshotTests.swift */ = {isa = PBXFileReference; lastKnownFileType = sourcecode.swift; path = ScreenshotTests.swift; sourceTree = "<group>"; };
		FFF999B7C0FE4375D4469CF9 /* SpacedRepetitionEngine.swift */ = {isa = PBXFileReference; lastKnownFileType = sourcecode.swift; path = SpacedRepetitionEngine.swift; sourceTree = "<group>"; };
/* End PBXFileReference section */

/* Begin PBXGroup section */
		142D17BE748063265C795C16 /* Quiz */ = {
			isa = PBXGroup;
			children = (
				170D7A15D5D37414F759B0A7 /* FlashcardView.swift */,
				97C38866C8A7A6367D67872C /* ModernQuizHomeView.swift */,
				029A583054B38D467A7CB354 /* MultipleChoiceView.swift */,
				B15BE40AEBE598A6C47BAC7D /* PathologyQuizView.swift */,
				31628D0CF6C252C15568120B /* QuizResultsView.swift */,
				247E697F887109916D2B4727 /* QuizViewModel.swift */,
				5C72E86218872C89E913EA32 /* TapIdentifyQuizView.swift */,
			);
			path = Quiz;
			sourceTree = "<group>";
		};
		19B1EC1A3882E631E14C8A8B /* Components */ = {
			isa = PBXGroup;
			children = (
				736D4F3B912CD378B9D90ECE /* GlassComponents.swift */,
			);
			path = Components;
			sourceTree = "<group>";
		};
		2A5B97DA2C8B0D5B05ABB4DC /* Models */ = {
			isa = PBXGroup;
			children = (
				AA1E1C4BAD3C96A2ECB3AC94 /* BrainRegion.swift */,
				652FC9A1F90F4D473DE8E2E5 /* BrainStructure.swift */,
				E47720808E26F924BA29CFF7 /* BrainStructureStore.swift */,
				AACF7725D2E1527DB24F1555 /* PathologyData.swift */,
				E1B5C7DA03A3EB499B5DCFAB /* PathologyStore.swift */,
				1284EBC8180B361D2B86E11B /* QuizQuestion.swift */,
				FFF999B7C0FE4375D4469CF9 /* SpacedRepetitionEngine.swift */,
				42C02FD658C3F7B90FA54C33 /* StudyProgress.swift */,
			);
			path = Models;
			sourceTree = "<group>";
		};
		2F008E3F06CDD4B0EAF703C0 /* Progress */ = {
			isa = PBXGroup;
			children = (
				C0E3D89AD4A75BB47A9FC522 /* ModernProgressDashboardView.swift */,
			);
			path = Progress;
			sourceTree = "<group>";
		};
		3103316691C5C2BED9DB799F /* Views */ = {
			isa = PBXGroup;
			children = (
				19B1EC1A3882E631E14C8A8B /* Components */,
				C55D4BC0DB2D1B7DE17ED8FB /* Explore */,
				2F008E3F06CDD4B0EAF703C0 /* Progress */,
				142D17BE748063265C795C16 /* Quiz */,
			);
			path = Views;
			sourceTree = "<group>";
		};
		36BEB49F43BB3C2EB2D95289 /* BrainMap */ = {
			isa = PBXGroup;
			children = (
				4652787F297CCE688A6C3100 /* BrainHotspot.swift */,
				8CC92131AFE65197C9A9C804 /* BrainMapView.swift */,
				EA9F1D05EAF7806B0E9CB253 /* BrainMapViewModel.swift */,
				75138F19D66E9A1DC7444F37 /* BrainPathData.swift */,
				4F493D506307D9AA7C8CA82D /* BrainRenderEffects.swift */,
			);
			path = BrainMap;
			sourceTree = "<group>";
		};
		583F9F69900BA3E78200D6BB /* Products */ = {
			isa = PBXGroup;
			children = (
				9F41A4FDFFF6EC41E7FC1DB8 /* NeuroStudy.app */,
				E393C28461A3D889358E85D8 /* NeuroStudy.app */,
				034D1EA85EDEC6B23673EC15 /* NeuroStudyUITests.xctest */,
			);
			name = Products;
			sourceTree = "<group>";
		};
		630842BF267F2AE488359C9A /* Styles */ = {
			isa = PBXGroup;
			children = (
				886AF33244B0412DDFFD76C8 /* AppTypography.swift */,
				DA5386B46B26129222D30051 /* Haptics.swift */,
				4CBE3D9F323D219086A25F60 /* LiquidGlass.swift */,
				D34C01BAD5956E3CABEFA9AB /* LiquidGlassStyle.swift */,
				CFDA2FBF57EFA60F2F151A27 /* ModernDesignSystem.swift */,
			);
			path = Styles;
			sourceTree = "<group>";
		};
		9FFFBCF700A583F274BD6FF4 = {
			isa = PBXGroup;
			children = (
				E50B3E42FC1E2DDBE738AC24 /* NeuroStudyUITests */,
				BF194099A921EC43F0CEC97C /* Shared */,
				583F9F69900BA3E78200D6BB /* Products */,
			);
			sourceTree = "<group>";
		};
		BF194099A921EC43F0CEC97C /* Shared */ = {
			isa = PBXGroup;
			children = (
				C61E8421DDF6EFC475A09844 /* Media.xcassets */,
				0034CBA1AED71AD650A0681C /* NeuroStudyApp.swift */,
				35FA75F18BF16E031D6799BE /* PrivacyInfo.xcprivacy */,
				8D7EEC20F93F0243AA91E0B0 /* UniversalMainView.swift */,
				36BEB49F43BB3C2EB2D95289 /* BrainMap */,
				2A5B97DA2C8B0D5B05ABB4DC /* Models */,
				C8BAC5FC1576A63A50AD83DD /* Persistence */,
				630842BF267F2AE488359C9A /* Styles */,
				3103316691C5C2BED9DB799F /* Views */,
			);
			path = Shared;
			sourceTree = "<group>";
		};
		C55D4BC0DB2D1B7DE17ED8FB /* Explore */ = {
			isa = PBXGroup;
			children = (
				442BFC60E119CC072FC7112C /* ModernExploreView.swift */,
				8A4FC106EB9F049E4512E2EC /* StructureDetailView.swift */,
			);
			path = Explore;
			sourceTree = "<group>";
		};
		C8BAC5FC1576A63A50AD83DD /* Persistence */ = {
			isa = PBXGroup;
			children = (
				846B3B5497475D14055CEB96 /* ProgressStore.swift */,
			);
			path = Persistence;
			sourceTree = "<group>";
		};
		E50B3E42FC1E2DDBE738AC24 /* NeuroStudyUITests */ = {
			isa = PBXGroup;
			children = (
				F8272D3F38A6598EF656FC77 /* ScreenshotTests.swift */,
			);
			path = NeuroStudyUITests;
			sourceTree = "<group>";
		};
/* End PBXGroup section */

/* Begin PBXNativeTarget section */
		2A47719868A63AEC3D36D399 /* NeuroStudy_macOS */ = {
			isa = PBXNativeTarget;
			buildConfigurationList = 5E371844F6794E80AEB1361A /* Build configuration list for PBXNativeTarget "NeuroStudy_macOS" */;
			buildPhases = (
				EA66ED5EF9A8B151BC18845D /* Sources */,
				30DA35F8BFB421CE7A7418A0 /* Resources */,
			);
			buildRules = (
			);
			dependencies = (
			);
			name = NeuroStudy_macOS;
			packageProductDependencies = (
			);
			productName = NeuroStudy_macOS;
			productReference = E393C28461A3D889358E85D8 /* NeuroStudy.app */;
			productType = "com.apple.product-type.application";
		};
		5867BAB00C9AACC979A28B9F /* NeuroStudyUITests */ = {
			isa = PBXNativeTarget;
			buildConfigurationList = F5E32E2AAF71AC6C694C7E60 /* Build configuration list for PBXNativeTarget "NeuroStudyUITests" */;
			buildPhases = (
				A570540EAEDEDFB321CEAF02 /* Sources */,
			);
			buildRules = (
			);
			dependencies = (
				6023D266C96F79842D2AD9E8 /* PBXTargetDependency */,
			);
			name = NeuroStudyUITests;
			packageProductDependencies = (
			);
			productName = NeuroStudyUITests;
			productReference = 034D1EA85EDEC6B23673EC15 /* NeuroStudyUITests.xctest */;
			productType = "com.apple.product-type.bundle.ui-testing";
		};
		8792CD7E92775DA92FB11BC4 /* NeuroStudy_iOS */ = {
			isa = PBXNativeTarget;
			buildConfigurationList = A1D58496E624E583E49F0DB0 /* Build configuration list for PBXNativeTarget "NeuroStudy_iOS" */;
			buildPhases = (
				C5100B824938406A273A0EC9 /* Sources */,
				3679550B4EF424860A57ABD9 /* Resources */,
			);
			buildRules = (
			);
			dependencies = (
			);
			name = NeuroStudy_iOS;
			packageProductDependencies = (
			);
			productName = NeuroStudy_iOS;
			productReference = 9F41A4FDFFF6EC41E7FC1DB8 /* NeuroStudy.app */;
			productType = "com.apple.product-type.application";
		};
/* End PBXNativeTarget section */

/* Begin PBXProject section */
		4134A7D756494EC080E34063 /* Project object */ = {
			isa = PBXProject;
			attributes = {
				BuildIndependentTargetsInParallel = YES;
				LastUpgradeCheck = 1600;
				TargetAttributes = {
					2A47719868A63AEC3D36D399 = {
						DevelopmentTeam = 47K6N92W54;
						ProvisioningStyle = Automatic;
					};
					5867BAB00C9AACC979A28B9F = {
						DevelopmentTeam = 47K6N92W54;
						TestTargetID = 8792CD7E92775DA92FB11BC4;
					};
					8792CD7E92775DA92FB11BC4 = {
						DevelopmentTeam = 47K6N92W54;
						ProvisioningStyle = Automatic;
					};
				};
			};
			buildConfigurationList = 5CC0A394500EA162D3B83955 /* Build configuration list for PBXProject "NeuroStudy" */;
			developmentRegion = en;
			hasScannedForEncodings = 0;
			knownRegions = (
				Base,
				en,
			);
			mainGroup = 9FFFBCF700A583F274BD6FF4;
			minimizedProjectReferenceProxies = 1;
			preferredProjectObjectVersion = 77;
			productRefGroup = 583F9F69900BA3E78200D6BB /* Products */;
			projectDirPath = "";
			projectRoot = "";
			targets = (
				8792CD7E92775DA92FB11BC4 /* NeuroStudy_iOS */,
				2A47719868A63AEC3D36D399 /* NeuroStudy_macOS */,
				5867BAB00C9AACC979A28B9F /* NeuroStudyUITests */,
			);
		};
/* End PBXProject section */

/* Begin PBXResourcesBuildPhase section */
		30DA35F8BFB421CE7A7418A0 /* Resources */ = {
			isa = PBXResourcesBuildPhase;
			buildActionMask = 2147483647;
			files = (
				32400DFBD4252BCF8842BC32 /* Media.xcassets in Resources */,
				527A264B9C71547F706ECEA3 /* PrivacyInfo.xcprivacy in Resources */,
			);
			runOnlyForDeploymentPostprocessing = 0;
		};
		3679550B4EF424860A57ABD9 /* Resources */ = {
			isa = PBXResourcesBuildPhase;
			buildActionMask = 2147483647;
			files = (
				967F30224640FAF3F19A691E /* Media.xcassets in Resources */,
				CF7B7943DD1AF46C55C104CA /* PrivacyInfo.xcprivacy in Resources */,
			);
			runOnlyForDeploymentPostprocessing = 0;
		};
/* End PBXResourcesBuildPhase section */

/* Begin PBXSourcesBuildPhase section */
		A570540EAEDEDFB321CEAF02 /* Sources */ = {
			isa = PBXSourcesBuildPhase;
			buildActionMask = 2147483647;
			files = (
				14DD226EB4B9599F8E531A45 /* ScreenshotTests.swift in Sources */,
			);
			runOnlyForDeploymentPostprocessing = 0;
		};
		C5100B824938406A273A0EC9 /* Sources */ = {
			isa = PBXSourcesBuildPhase;
			buildActionMask = 2147483647;
			files = (
				791F6BD5CA3456AB39562409 /* AppTypography.swift in Sources */,
				3BA7BFC2D29A2614CDC9C483 /* BrainHotspot.swift in Sources */,
				BE1E6E5BBEDE8CFD60D61EA9 /* BrainMapView.swift in Sources */,
				EC01E24F0FF262B2804C815A /* BrainMapViewModel.swift in Sources */,
				045B21CD1C260B7BD8D28E36 /* BrainPathData.swift in Sources */,
				5A5D401EC2FBD372D4584DE9 /* BrainRegion.swift in Sources */,
				4FB5CA8E0019FC3CB1EACC2D /* BrainRenderEffects.swift in Sources */,
				7E6F2126D2B19171C10E81F6 /* BrainStructure.swift in Sources */,
				A768B3242E04DB8B4CD4E805 /* BrainStructureStore.swift in Sources */,
				3A1D6A9C77BD8787FE0BDF11 /* FlashcardView.swift in Sources */,
				7A62635A3A85CFB50F89229D /* GlassComponents.swift in Sources */,
				4868AEB9F120B9579B872E48 /* Haptics.swift in Sources */,
				48682CA873D05BBF549D86B0 /* LiquidGlass.swift in Sources */,
				AFDE40E93AE14F5D63172509 /* LiquidGlassStyle.swift in Sources */,
				2BA07433427198D7B2EEC4D4 /* ModernDesignSystem.swift in Sources */,
				DBF91236200E3E8BB2DAA4C2 /* ModernExploreView.swift in Sources */,
				094B741486A07E40B4AC02FD /* ModernProgressDashboardView.swift in Sources */,
				46C236757A861AE9D69AD68D /* ModernQuizHomeView.swift in Sources */,
				CADEFEDCF38E62A5091EB984 /* MultipleChoiceView.swift in Sources */,
				69AA52F129C28809F4BBDA31 /* NeuroStudyApp.swift in Sources */,
				5BF360443BB7FF23B7B9EEAB /* PathologyData.swift in Sources */,
				993B7C5AAE18C074D71B032D /* PathologyQuizView.swift in Sources */,
				BB3E5090969B87731567EB83 /* PathologyStore.swift in Sources */,
				77D60B5B512FC3D1A3B6ECFD /* ProgressStore.swift in Sources */,
				40EA8D0A2D5CCC4BEAD344A4 /* QuizQuestion.swift in Sources */,
				AAFD0E5DEB43F33EB622411C /* QuizResultsView.swift in Sources */,
				65BE6C741BA6B6EB42262894 /* QuizViewModel.swift in Sources */,
				6DB7C3D27FC40914C8F783DE /* SpacedRepetitionEngine.swift in Sources */,
				B1F68A0D739ADA861FB7DA05 /* StructureDetailView.swift in Sources */,
				3370DCD14A8B9F8F9C655F26 /* StudyProgress.swift in Sources */,
				16D6B722564CE073D061CE6C /* TapIdentifyQuizView.swift in Sources */,
				B9CFAAD0AB85934B458283E1 /* UniversalMainView.swift in Sources */,
			);
			runOnlyForDeploymentPostprocessing = 0;
		};
		EA66ED5EF9A8B151BC18845D /* Sources */ = {
			isa = PBXSourcesBuildPhase;
			buildActionMask = 2147483647;
			files = (
				F65D7C4A21FA11935A0C6E9C /* AppTypography.swift in Sources */,
				B634CB79934E494E276B4772 /* BrainHotspot.swift in Sources */,
				C9AB6345447899D6AED2C105 /* BrainMapView.swift in Sources */,
				44D68FB176EAA33C9EE2BA64 /* BrainMapViewModel.swift in Sources */,
				AF7ECDFCEEF2A66AA15F3890 /* BrainPathData.swift in Sources */,
				7F5F7111B637470E5721C4C0 /* BrainRegion.swift in Sources */,
				C94148487061B773762F1C5D /* BrainRenderEffects.swift in Sources */,
				D3DDC683981C41B9A1DD4465 /* BrainStructure.swift in Sources */,
				88698E2610BE4E711AD231ED /* BrainStructureStore.swift in Sources */,
				06DAF3B9CC72C96D19550CDE /* FlashcardView.swift in Sources */,
				29189F8E21DAA32E59C4E6E1 /* GlassComponents.swift in Sources */,
				C8B67537E48488EB744F39EE /* Haptics.swift in Sources */,
				CCF1703BE758F0CA16E8C83F /* LiquidGlass.swift in Sources */,
				DE35B4B88287EBC69B571A65 /* LiquidGlassStyle.swift in Sources */,
				6369FECF419198837BB095E9 /* ModernDesignSystem.swift in Sources */,
				7391B89F41E16B5811365C0B /* ModernExploreView.swift in Sources */,
				4247480219A4F521B904135D /* ModernProgressDashboardView.swift in Sources */,
				BBC3D1A0BEF8C51A47CB054C /* ModernQuizHomeView.swift in Sources */,
				D9883F88B3B0F5D0D20D80A2 /* MultipleChoiceView.swift in Sources */,
				0873060076F714444D75D8F6 /* NeuroStudyApp.swift in Sources */,
				76D5B3A1DC6B3D5CF6BAC8B8 /* PathologyData.swift in Sources */,
				46C470FFCBBAEEC1EAFFBA49 /* PathologyQuizView.swift in Sources */,
				4D99258306D8FDDD0CFDB7DC /* PathologyStore.swift in Sources */,
				D06B43A0C1BF2BCEDEE0A3BA /* ProgressStore.swift in Sources */,
				AE6E17A8543017DE64F1BD0B /* QuizQuestion.swift in Sources */,
				BDB9423C4725F1709298DD9A /* QuizResultsView.swift in Sources */,
				7349463F96DB9A41177F057F /* QuizViewModel.swift in Sources */,
				F68FEB224B4E9AAE29532A76 /* SpacedRepetitionEngine.swift in Sources */,
				D6D7ECB348C9DFBE7F491115 /* StructureDetailView.swift in Sources */,
				3507E5A9B63A49C35B9CDC2B /* StudyProgress.swift in Sources */,
				401038D8E768B6FDD0FD4939 /* TapIdentifyQuizView.swift in Sources */,
				46E2A4A0EDF2ABFD99C27ACE /* UniversalMainView.swift in Sources */,
			);
			runOnlyForDeploymentPostprocessing = 0;
		};
/* End PBXSourcesBuildPhase section */

/* Begin PBXTargetDependency section */
		6023D266C96F79842D2AD9E8 /* PBXTargetDependency */ = {
			isa = PBXTargetDependency;
			target = 8792CD7E92775DA92FB11BC4 /* NeuroStudy_iOS */;
			targetProxy = 246C7803F766807D2DE194D3 /* PBXContainerItemProxy */;
		};
/* End PBXTargetDependency section */

/* Begin XCBuildConfiguration section */
		8273A4F3D399CC071314B96A /* Release */ = {
			isa = XCBuildConfiguration;
			buildSettings = {
				ALWAYS_SEARCH_USER_PATHS = NO;
				CLANG_ANALYZER_NONNULL = YES;
				CLANG_ANALYZER_NUMBER_OBJECT_CONVERSION = YES_AGGRESSIVE;
				CLANG_CXX_LANGUAGE_STANDARD = "gnu++14";
				CLANG_CXX_LIBRARY = "libc++";
				CLANG_ENABLE_MODULES = YES;
				CLANG_ENABLE_OBJC_ARC = YES;
				CLANG_ENABLE_OBJC_WEAK = YES;
				CLANG_WARN_BLOCK_CAPTURE_AUTORELEASING = YES;
				CLANG_WARN_BOOL_CONVERSION = YES;
				CLANG_WARN_COMMA = YES;
				CLANG_WARN_CONSTANT_CONVERSION = YES;
				CLANG_WARN_DEPRECATED_OBJC_IMPLEMENTATIONS = YES;
				CLANG_WARN_DIRECT_OBJC_ISA_USAGE = YES_ERROR;
				CLANG_WARN_DOCUMENTATION_COMMENTS = YES;
				CLANG_WARN_EMPTY_BODY = YES;
				CLANG_WARN_ENUM_CONVERSION = YES;
				CLANG_WARN_INFINITE_RECURSION = YES;
				CLANG_WARN_INT_CONVERSION = YES;
				CLANG_WARN_NON_LITERAL_NULL_CONVERSION = YES;
				CLANG_WARN_OBJC_IMPLICIT_RETAIN_SELF = YES;
				CLANG_WARN_OBJC_LITERAL_CONVERSION = YES;
				CLANG_WARN_OBJC_ROOT_CLASS = YES_ERROR;
				CLANG_WARN_QUOTED_INCLUDE_IN_FRAMEWORK_HEADER = YES;
				CLANG_WARN_RANGE_LOOP_ANALYSIS = YES;
				CLANG_WARN_STRICT_PROTOTYPES = YES;
				CLANG_WARN_SUSPICIOUS_MOVE = YES;
				CLANG_WARN_UNGUARDED_AVAILABILITY = YES_AGGRESSIVE;
				CLANG_WARN_UNREACHABLE_CODE = YES;
				CLANG_WARN__DUPLICATE_METHOD_MATCH = YES;
				COPY_PHASE_STRIP = NO;
				CURRENT_PROJECT_VERSION = 2;
				DEBUG_INFORMATION_FORMAT = "dwarf-with-dsym";
				ENABLE_NS_ASSERTIONS = NO;
				ENABLE_STRICT_OBJC_MSGSEND = YES;
				GCC_C_LANGUAGE_STANDARD = gnu11;
				GCC_NO_COMMON_BLOCKS = YES;
				GCC_WARN_64_TO_32_BIT_CONVERSION = YES;
				GCC_WARN_ABOUT_RETURN_TYPE = YES_ERROR;
				GCC_WARN_UNDECLARED_SELECTOR = YES;
				GCC_WARN_UNINITIALIZED_AUTOS = YES_AGGRESSIVE;
				GCC_WARN_UNUSED_FUNCTION = YES;
				GCC_WARN_UNUSED_VARIABLE = YES;
				GENERATE_INFOPLIST_FILE = YES;
				INFOPLIST_KEY_CFBundleDisplayName = NeuroStudy;
				INFOPLIST_KEY_ITSAppUsesNonExemptEncryption = NO;
				IPHONEOS_DEPLOYMENT_TARGET = 17.0;
				MACOSX_DEPLOYMENT_TARGET = 14.0;
				MARKETING_VERSION = 1.0;
				MTL_ENABLE_DEBUG_INFO = NO;
				MTL_FAST_MATH = YES;
				PRODUCT_NAME = "$(TARGET_NAME)";
				SWIFT_COMPILATION_MODE = wholemodule;
				SWIFT_OPTIMIZATION_LEVEL = "-O";
				SWIFT_VERSION = 5.9;
			};
			name = Release;
		};
		841CC8E10858FD92E2B0F674 /* Debug */ = {
			isa = XCBuildConfiguration;
			buildSettings = {
				ASSETCATALOG_COMPILER_APPICON_NAME = AppIcon;
				ASSETCATALOG_COMPILER_GLOBAL_ACCENT_COLOR_NAME = AccentColor;
				CODE_SIGN_IDENTITY = "Apple Development";
				CODE_SIGN_STYLE = Automatic;
				DEVELOPMENT_TEAM = 47K6N92W54;
				ENABLE_PREVIEWS = YES;
				INFOPLIST_KEY_UIApplicationSceneManifest_Generation = YES;
				INFOPLIST_KEY_UIApplicationSupportsIndirectInputEvents = YES;
				INFOPLIST_KEY_UILaunchScreen_Generation = YES;
				INFOPLIST_KEY_UISupportedInterfaceOrientations_iPad = "UIInterfaceOrientationPortrait UIInterfaceOrientationPortraitUpsideDown UIInterfaceOrientationLandscapeLeft UIInterfaceOrientationLandscapeRight";
				INFOPLIST_KEY_UISupportedInterfaceOrientations_iPhone = "UIInterfaceOrientationPortrait UIInterfaceOrientationLandscapeLeft UIInterfaceOrientationLandscapeRight";
				LD_RUNPATH_SEARCH_PATHS = (
					"$(inherited)",
					"@executable_path/Frameworks",
				);
				PRODUCT_BUNDLE_IDENTIFIER = com.neurostudy.app;
				PRODUCT_NAME = NeuroStudy;
				SDKROOT = iphoneos;
				SWIFT_OPTIMIZATION_LEVEL = "-Onone";
				TARGETED_DEVICE_FAMILY = "1,2";
			};
			name = Debug;
		};
		972BB516CC3ED5ACF77BC662 /* Release */ = {
			isa = XCBuildConfiguration;
			buildSettings = {
				ASSETCATALOG_COMPILER_APPICON_NAME = AppIcon;
				ASSETCATALOG_COMPILER_GLOBAL_ACCENT_COLOR_NAME = AccentColor;
				CODE_SIGN_IDENTITY = "Apple Development";
				CODE_SIGN_STYLE = Automatic;
				DEVELOPMENT_TEAM = 47K6N92W54;
				ENABLE_PREVIEWS = YES;
				INFOPLIST_KEY_UIApplicationSceneManifest_Generation = YES;
				INFOPLIST_KEY_UIApplicationSupportsIndirectInputEvents = YES;
				INFOPLIST_KEY_UILaunchScreen_Generation = YES;
				INFOPLIST_KEY_UISupportedInterfaceOrientations_iPad = "UIInterfaceOrientationPortrait UIInterfaceOrientationPortraitUpsideDown UIInterfaceOrientationLandscapeLeft UIInterfaceOrientationLandscapeRight";
				INFOPLIST_KEY_UISupportedInterfaceOrientations_iPhone = "UIInterfaceOrientationPortrait UIInterfaceOrientationLandscapeLeft UIInterfaceOrientationLandscapeRight";
				LD_RUNPATH_SEARCH_PATHS = (
					"$(inherited)",
					"@executable_path/Frameworks",
				);
				PRODUCT_BUNDLE_IDENTIFIER = com.neurostudy.app;
				PRODUCT_NAME = NeuroStudy;
				SDKROOT = iphoneos;
				SWIFT_OPTIMIZATION_LEVEL = "-O";
				TARGETED_DEVICE_FAMILY = "1,2";
			};
			name = Release;
		};
		AFE93CBAEA489E6B5ED2E44A /* Debug */ = {
			isa = XCBuildConfiguration;
			buildSettings = {
				BUNDLE_LOADER = "$(TEST_HOST)";
				DEVELOPMENT_TEAM = 47K6N92W54;
				GENERATE_INFOPLIST_FILE = YES;
				LD_RUNPATH_SEARCH_PATHS = (
					"$(inherited)",
					"@executable_path/Frameworks",
					"@loader_path/Frameworks",
				);
				PRODUCT_BUNDLE_IDENTIFIER = com.neurostudy.app.uitests;
				SDKROOT = iphoneos;
				TARGETED_DEVICE_FAMILY = "1,2";
				TEST_TARGET_NAME = NeuroStudy_iOS;
			};
			name = Debug;
		};
		CA6AD45587E1C4C85D173A6A /* Debug */ = {
			isa = XCBuildConfiguration;
			buildSettings = {
				ASSETCATALOG_COMPILER_APPICON_NAME = AppIcon;
				ASSETCATALOG_COMPILER_GLOBAL_ACCENT_COLOR_NAME = AccentColor;
				CODE_SIGN_IDENTITY = "Apple Development";
				CODE_SIGN_STYLE = Automatic;
				COMBINE_HIDPI_IMAGES = YES;
				DEVELOPMENT_TEAM = 47K6N92W54;
				ENABLE_PREVIEWS = YES;
				INFOPLIST_KEY_UIApplicationSceneManifest_Generation = YES;
				INFOPLIST_KEY_UIApplicationSupportsIndirectInputEvents = YES;
				INFOPLIST_KEY_UILaunchScreen_Generation = YES;
				INFOPLIST_KEY_UISupportedInterfaceOrientations_iPad = "UIInterfaceOrientationPortrait UIInterfaceOrientationPortraitUpsideDown UIInterfaceOrientationLandscapeLeft UIInterfaceOrientationLandscapeRight";
				INFOPLIST_KEY_UISupportedInterfaceOrientations_iPhone = "UIInterfaceOrientationPortrait UIInterfaceOrientationLandscapeLeft UIInterfaceOrientationLandscapeRight";
				LD_RUNPATH_SEARCH_PATHS = (
					"$(inherited)",
					"@executable_path/../Frameworks",
				);
				PRODUCT_BUNDLE_IDENTIFIER = com.neurostudy.app;
				PRODUCT_NAME = NeuroStudy;
				SDKROOT = macosx;
				SWIFT_OPTIMIZATION_LEVEL = "-Onone";
			};
			name = Debug;
		};
		CFC0E875A30F8B25AE1C09C1 /* Release */ = {
			isa = XCBuildConfiguration;
			buildSettings = {
				ASSETCATALOG_COMPILER_APPICON_NAME = AppIcon;
				ASSETCATALOG_COMPILER_GLOBAL_ACCENT_COLOR_NAME = AccentColor;
				CODE_SIGN_IDENTITY = "Apple Development";
				CODE_SIGN_STYLE = Automatic;
				COMBINE_HIDPI_IMAGES = YES;
				DEVELOPMENT_TEAM = 47K6N92W54;
				ENABLE_PREVIEWS = YES;
				INFOPLIST_KEY_UIApplicationSceneManifest_Generation = YES;
				INFOPLIST_KEY_UIApplicationSupportsIndirectInputEvents = YES;
				INFOPLIST_KEY_UILaunchScreen_Generation = YES;
				INFOPLIST_KEY_UISupportedInterfaceOrientations_iPad = "UIInterfaceOrientationPortrait UIInterfaceOrientationPortraitUpsideDown UIInterfaceOrientationLandscapeLeft UIInterfaceOrientationLandscapeRight";
				INFOPLIST_KEY_UISupportedInterfaceOrientations_iPhone = "UIInterfaceOrientationPortrait UIInterfaceOrientationLandscapeLeft UIInterfaceOrientationLandscapeRight";
				LD_RUNPATH_SEARCH_PATHS = (
					"$(inherited)",
					"@executable_path/../Frameworks",
				);
				PRODUCT_BUNDLE_IDENTIFIER = com.neurostudy.app;
				PRODUCT_NAME = NeuroStudy;
				SDKROOT = macosx;
				SWIFT_OPTIMIZATION_LEVEL = "-O";
			};
			name = Release;
		};
		D58BE8B63677D25A5BF055EE /* Release */ = {
			isa = XCBuildConfiguration;
			buildSettings = {
				BUNDLE_LOADER = "$(TEST_HOST)";
				DEVELOPMENT_TEAM = 47K6N92W54;
				GENERATE_INFOPLIST_FILE = YES;
				LD_RUNPATH_SEARCH_PATHS = (
					"$(inherited)",
					"@executable_path/Frameworks",
					"@loader_path/Frameworks",
				);
				PRODUCT_BUNDLE_IDENTIFIER = com.neurostudy.app.uitests;
				SDKROOT = iphoneos;
				TARGETED_DEVICE_FAMILY = "1,2";
				TEST_TARGET_NAME = NeuroStudy_iOS;
			};
			name = Release;
		};
		F503C93A4CBF843E51F943F3 /* Debug */ = {
			isa = XCBuildConfiguration;
			buildSettings = {
				ALWAYS_SEARCH_USER_PATHS = NO;
				CLANG_ANALYZER_NONNULL = YES;
				CLANG_ANALYZER_NUMBER_OBJECT_CONVERSION = YES_AGGRESSIVE;
				CLANG_CXX_LANGUAGE_STANDARD = "gnu++14";
				CLANG_CXX_LIBRARY = "libc++";
				CLANG_ENABLE_MODULES = YES;
				CLANG_ENABLE_OBJC_ARC = YES;
				CLANG_ENABLE_OBJC_WEAK = YES;
				CLANG_WARN_BLOCK_CAPTURE_AUTORELEASING = YES;
				CLANG_WARN_BOOL_CONVERSION = YES;
				CLANG_WARN_COMMA = YES;
				CLANG_WARN_CONSTANT_CONVERSION = YES;
				CLANG_WARN_DEPRECATED_OBJC_IMPLEMENTATIONS = YES;
				CLANG_WARN_DIRECT_OBJC_ISA_USAGE = YES_ERROR;
				CLANG_WARN_DOCUMENTATION_COMMENTS = YES;
				CLANG_WARN_EMPTY_BODY = YES;
				CLANG_WARN_ENUM_CONVERSION = YES;
				CLANG_WARN_INFINITE_RECURSION = YES;
				CLANG_WARN_INT_CONVERSION = YES;
				CLANG_WARN_NON_LITERAL_NULL_CONVERSION = YES;
				CLANG_WARN_OBJC_IMPLICIT_RETAIN_SELF = YES;
				CLANG_WARN_OBJC_LITERAL_CONVERSION = YES;
				CLANG_WARN_OBJC_ROOT_CLASS = YES_ERROR;
				CLANG_WARN_QUOTED_INCLUDE_IN_FRAMEWORK_HEADER = YES;
				CLANG_WARN_RANGE_LOOP_ANALYSIS = YES;
				CLANG_WARN_STRICT_PROTOTYPES = YES;
				CLANG_WARN_SUSPICIOUS_MOVE = YES;
				CLANG_WARN_UNGUARDED_AVAILABILITY = YES_AGGRESSIVE;
				CLANG_WARN_UNREACHABLE_CODE = YES;
				CLANG_WARN__DUPLICATE_METHOD_MATCH = YES;
				COPY_PHASE_STRIP = NO;
				CURRENT_PROJECT_VERSION = 2;
				DEBUG_INFORMATION_FORMAT = dwarf;
				ENABLE_STRICT_OBJC_MSGSEND = YES;
				ENABLE_TESTABILITY = YES;
				GCC_C_LANGUAGE_STANDARD = gnu11;
				GCC_DYNAMIC_NO_PIC = NO;
				GCC_NO_COMMON_BLOCKS = YES;
				GCC_OPTIMIZATION_LEVEL = 0;
				GCC_PREPROCESSOR_DEFINITIONS = (
					"$(inherited)",
					"DEBUG=1",
				);
				GCC_WARN_64_TO_32_BIT_CONVERSION = YES;
				GCC_WARN_ABOUT_RETURN_TYPE = YES_ERROR;
				GCC_WARN_UNDECLARED_SELECTOR = YES;
				GCC_WARN_UNINITIALIZED_AUTOS = YES_AGGRESSIVE;
				GCC_WARN_UNUSED_FUNCTION = YES;
				GCC_WARN_UNUSED_VARIABLE = YES;
				GENERATE_INFOPLIST_FILE = YES;
				INFOPLIST_KEY_CFBundleDisplayName = NeuroStudy;
				INFOPLIST_KEY_ITSAppUsesNonExemptEncryption = NO;
				IPHONEOS_DEPLOYMENT_TARGET = 17.0;
				MACOSX_DEPLOYMENT_TARGET = 14.0;
				MARKETING_VERSION = 1.0;
				MTL_ENABLE_DEBUG_INFO = INCLUDE_SOURCE;
				MTL_FAST_MATH = YES;
				ONLY_ACTIVE_ARCH = YES;
				PRODUCT_NAME = "$(TARGET_NAME)";
				SWIFT_ACTIVE_COMPILATION_CONDITIONS = DEBUG;
				SWIFT_OPTIMIZATION_LEVEL = "-Onone";
				SWIFT_VERSION = 5.9;
			};
			name = Debug;
		};
/* End XCBuildConfiguration section */

/* Begin XCConfigurationList section */
		5CC0A394500EA162D3B83955 /* Build configuration list for PBXProject "NeuroStudy" */ = {
			isa = XCConfigurationList;
			buildConfigurations = (
				F503C93A4CBF843E51F943F3 /* Debug */,
				8273A4F3D399CC071314B96A /* Release */,
			);
			defaultConfigurationIsVisible = 0;
			defaultConfigurationName = Debug;
		};
		5E371844F6794E80AEB1361A /* Build configuration list for PBXNativeTarget "NeuroStudy_macOS" */ = {
			isa = XCConfigurationList;
			buildConfigurations = (
				CA6AD45587E1C4C85D173A6A /* Debug */,
				CFC0E875A30F8B25AE1C09C1 /* Release */,
			);
			defaultConfigurationIsVisible = 0;
			defaultConfigurationName = Debug;
		};
		A1D58496E624E583E49F0DB0 /* Build configuration list for PBXNativeTarget "NeuroStudy_iOS" */ = {
			isa = XCConfigurationList;
			buildConfigurations = (
				841CC8E10858FD92E2B0F674 /* Debug */,
				972BB516CC3ED5ACF77BC662 /* Release */,
			);
			defaultConfigurationIsVisible = 0;
			defaultConfigurationName = Debug;
		};
		F5E32E2AAF71AC6C694C7E60 /* Build configuration list for PBXNativeTarget "NeuroStudyUITests" */ = {
			isa = XCConfigurationList;
			buildConfigurations = (
				AFE93CBAEA489E6B5ED2E44A /* Debug */,
				D58BE8B63677D25A5BF055EE /* Release */,
			);
			defaultConfigurationIsVisible = 0;
			defaultConfigurationName = Debug;
		};
/* End XCConfigurationList section */
	};
	rootObject = 4134A7D756494EC080E34063 /* Project object */;
}
